
Microsoft Visual Studio Solution File, Format Version 12.00
# Visual Studio Version 16
VisualStudioVersion = 16.0.33027.164
MinimumVisualStudioVersion = 10.0.40219.1
Project("{9A19103F-16F7-4668-BE54-9A1E7A4F7556}") = "FactoryAsp", "FactoryAsp.csproj", "{FAF17CED-F371-4262-A051-AAEA3B3797D4}"
EndProject
Global
	GlobalSection(SolutionConfigurationPlatforms) = preSolution
		Debug|Any CPU = Debug|Any CPU
		Release|Any CPU = Release|Any CPU
	EndGlobalSection
	GlobalSection(ProjectConfigurationPlatforms) = postSolution
		{FAF17CED-F371-4262-A051-AAEA3B3797D4}.Debug|Any CPU.ActiveCfg = Debug|Any CPU
		{FAF17CED-F371-4262-A051-AAEA3B3797D4}.Debug|Any CPU.Build.0 = Debug|Any CPU
		{FAF17CED-F371-4262-A051-AAEA3B3797D4}.Release|Any CPU.ActiveCfg = Release|Any CPU
		{FAF17CED-F371-4262-A051-AAEA3B3797D4}.Release|Any CPU.Build.0 = Release|Any CPU
	EndGlobalSection
	GlobalSection(SolutionProperties) = preSolution
		HideSolutionNode = FALSE
	EndGlobalSection
	GlobalSection(ExtensibilityGlobals) = postSolution
		SolutionGuid = {FF09730C-0497-4FDB-9FB9-9051AD7CD514}
	EndGlobalSection
EndGlobal
