
Microsoft Visual Studio Solution File, Format Version 12.00
# Visual Studio Version 16
VisualStudioVersion = 16.0.33027.164
MinimumVisualStudioVersion = 10.0.40219.1
Project("{9A19103F-16F7-4668-BE54-9A1E7A4F7556}") = "Factory", "Factory.csproj", "{C7FEB590-F945-4143-A78B-543AFB08903A}"
EndProject
Project("{9A19103F-16F7-4668-BE54-9A1E7A4F7556}") = "Tools", "..\Tools\Tools.csproj", "{81CB70FB-3CF9-4FFF-BD7D-1A2D14885028}"
EndProject
Project("{FAE04EC0-301F-11D3-BF4B-00C04F79EFBC}") = "FactoryAsp", "..\FactoryAsp\FactoryAsp.csproj", "{54FCAF3E-FF31-4A36-A0B6-A39F93541DE7}"
EndProject
Global
	GlobalSection(SolutionConfigurationPlatforms) = preSolution
		Debug|Any CPU = Debug|Any CPU
		Release|Any CPU = Release|Any CPU
	EndGlobalSection
	GlobalSection(ProjectConfigurationPlatforms) = postSolution
		{C7FEB590-F945-4143-A78B-543AFB08903A}.Debug|Any CPU.ActiveCfg = Debug|Any CPU
		{C7FEB590-F945-4143-A78B-543AFB08903A}.Debug|Any CPU.Build.0 = Debug|Any CPU
		{C7FEB590-F945-4143-A78B-543AFB08903A}.Release|Any CPU.ActiveCfg = Release|Any CPU
		{C7FEB590-F945-4143-A78B-543AFB08903A}.Release|Any CPU.Build.0 = Release|Any CPU
		{81CB70FB-3CF9-4FFF-BD7D-1A2D14885028}.Debug|Any CPU.ActiveCfg = Debug|Any CPU
		{81CB70FB-3CF9-4FFF-BD7D-1A2D14885028}.Debug|Any CPU.Build.0 = Debug|Any CPU
		{81CB70FB-3CF9-4FFF-BD7D-1A2D14885028}.Release|Any CPU.ActiveCfg = Release|Any CPU
		{81CB70FB-3CF9-4FFF-BD7D-1A2D14885028}.Release|Any CPU.Build.0 = Release|Any CPU
		{54FCAF3E-FF31-4A36-A0B6-A39F93541DE7}.Debug|Any CPU.ActiveCfg = Debug|Any CPU
		{54FCAF3E-FF31-4A36-A0B6-A39F93541DE7}.Debug|Any CPU.Build.0 = Debug|Any CPU
		{54FCAF3E-FF31-4A36-A0B6-A39F93541DE7}.Release|Any CPU.ActiveCfg = Release|Any CPU
		{54FCAF3E-FF31-4A36-A0B6-A39F93541DE7}.Release|Any CPU.Build.0 = Release|Any CPU
	EndGlobalSection
	GlobalSection(SolutionProperties) = preSolution
		HideSolutionNode = FALSE
	EndGlobalSection
	GlobalSection(ExtensibilityGlobals) = postSolution
		SolutionGuid = {C2A53C78-AF28-42F0-B896-B771DA97EA7E}
	EndGlobalSection
EndGlobal
