
Microsoft Visual Studio Solution File, Format Version 12.00
# Visual Studio Version 16
VisualStudioVersion = 16.0.33027.164
MinimumVisualStudioVersion = 10.0.40219.1
Project("{FAE04EC0-301F-11D3-BF4B-00C04F79EFBC}") = "DependencyInjection", "DependencyInjection.csproj", "{E683B467-3309-49A2-BAE9-054954733E7A}"
EndProject
Global
	GlobalSection(SolutionConfigurationPlatforms) = preSolution
		Debug|Any CPU = Debug|Any CPU
		Release|Any CPU = Release|Any CPU
	EndGlobalSection
	GlobalSection(ProjectConfigurationPlatforms) = postSolution
		{E683B467-3309-49A2-BAE9-054954733E7A}.Debug|Any CPU.ActiveCfg = Debug|Any CPU
		{E683B467-3309-49A2-BAE9-054954733E7A}.Debug|Any CPU.Build.0 = Debug|Any CPU
		{E683B467-3309-49A2-BAE9-054954733E7A}.Release|Any CPU.ActiveCfg = Release|Any CPU
		{E683B467-3309-49A2-BAE9-054954733E7A}.Release|Any CPU.Build.0 = Release|Any CPU
	EndGlobalSection
	GlobalSection(SolutionProperties) = preSolution
		HideSolutionNode = FALSE
	EndGlobalSection
	GlobalSection(ExtensibilityGlobals) = postSolution
		SolutionGuid = {51B71CE8-F224-432A-BCFE-9EB122C6EF4C}
	EndGlobalSection
EndGlobal
